
Microsoft Visual Studio Solution File, Format Version 12.00
# Visual Studio Version 17
VisualStudioVersion = 17.10.35004.147
MinimumVisualStudioVersion = 10.0.40219.1
Project("{FAE04EC0-301F-11D3-BF4B-00C04F79EFBC}") = "LicenseDataAccessLayer", "..\LicenseDataAccessLayer\LicenseDataAccessLayer.csproj", "{C38B6C07-B245-407E-957F-8230524CF8C6}"
EndProject
Project("{FAE04EC0-301F-11D3-BF4B-00C04F79EFBC}") = "LicenseBusinessLogicLayer", "..\LicenseBusinessLogicLayer\LicenseBusinessLogicLayer.csproj", "{DBA3C3B6-0306-4CA3-AB9A-7DD2EF25BB9C}"
EndProject
Project("{FAE04EC0-301F-11D3-BF4B-00C04F79EFBC}") = "Driver&VehiclesLicensesDepartmentProjectPresentationLayer", "PresentationLayer\Driver&VehiclesLicensesDepartmentProjectPresentationLayer.csproj", "{B58BB2FA-44EE-4611-BAC2-3227327F4F45}"
EndProject
Global
	GlobalSection(SolutionConfigurationPlatforms) = preSolution
		Debug|Any CPU = Debug|Any CPU
		Release|Any CPU = Release|Any CPU
	EndGlobalSection
	GlobalSection(ProjectConfigurationPlatforms) = postSolution
		{C38B6C07-B245-407E-957F-8230524CF8C6}.Debug|Any CPU.ActiveCfg = Debug|Any CPU
		{C38B6C07-B245-407E-957F-8230524CF8C6}.Debug|Any CPU.Build.0 = Debug|Any CPU
		{C38B6C07-B245-407E-957F-8230524CF8C6}.Release|Any CPU.ActiveCfg = Release|Any CPU
		{C38B6C07-B245-407E-957F-8230524CF8C6}.Release|Any CPU.Build.0 = Release|Any CPU
		{DBA3C3B6-0306-4CA3-AB9A-7DD2EF25BB9C}.Debug|Any CPU.ActiveCfg = Debug|Any CPU
		{DBA3C3B6-0306-4CA3-AB9A-7DD2EF25BB9C}.Debug|Any CPU.Build.0 = Debug|Any CPU
		{DBA3C3B6-0306-4CA3-AB9A-7DD2EF25BB9C}.Release|Any CPU.ActiveCfg = Release|Any CPU
		{DBA3C3B6-0306-4CA3-AB9A-7DD2EF25BB9C}.Release|Any CPU.Build.0 = Release|Any CPU
		{B58BB2FA-44EE-4611-BAC2-3227327F4F45}.Debug|Any CPU.ActiveCfg = Debug|Any CPU
		{B58BB2FA-44EE-4611-BAC2-3227327F4F45}.Debug|Any CPU.Build.0 = Debug|Any CPU
		{B58BB2FA-44EE-4611-BAC2-3227327F4F45}.Release|Any CPU.ActiveCfg = Release|Any CPU
		{B58BB2FA-44EE-4611-BAC2-3227327F4F45}.Release|Any CPU.Build.0 = Release|Any CPU
	EndGlobalSection
	GlobalSection(SolutionProperties) = preSolution
		HideSolutionNode = FALSE
	EndGlobalSection
	GlobalSection(ExtensibilityGlobals) = postSolution
		SolutionGuid = {FC41FF03-0859-43B4-AA59-D3305CF01AE7}
	EndGlobalSection
EndGlobal
